schema: '2.0'
stages:
  preprocess:
    cmd: python src/preprocess.py
    deps:
    - path: data/raw/Titanic-Dataset.csv
      hash: md5
      md5: 22f3ffc90dc5fa91b69bef843c07d883
      size: 61254
    - path: src/preprocess.py
      hash: md5
      md5: 01734b0d116000773de243f7dfdab91d
      size: 1077
    outs:
    - path: data/processed/X_test.csv
      hash: md5
      md5: 555a8f8b90ba7d92df537ba6d57ce13a
      size: 2744
    - path: data/processed/X_train.csv
      hash: md5
      md5: 81b6f2b91e92e9d9bf6ff3abe5eb69dc
      size: 10723
    - path: data/processed/y_test.csv
      hash: md5
      md5: 3cae4126f47ae9eb3d282fa0b2dd8e06
      size: 367
    - path: data/processed/y_train.csv
      hash: md5
      md5: 87f4fb91d3368cf33cdeeef7245ab5eb
      size: 1435
  train:
    cmd: python src/train.py
    deps:
    - path: data/processed/X_train.csv
      hash: md5
      md5: 81b6f2b91e92e9d9bf6ff3abe5eb69dc
      size: 10723
    - path: src/train.py
      hash: md5
      md5: 6a14ab1419e51801b38076604d0df9e3
      size: 885
    outs:
    - path: models/model.pkl
      hash: md5
      md5: c66074c3de95fd6445df54463e71af00
      size: 5245
  evaluate:
    cmd: python src/evaluate.py
    deps:
    - path: models/model.pkl
      hash: md5
      md5: c66074c3de95fd6445df54463e71af00
      size: 5245
    - path: src/evaluate.py
      hash: md5
      md5: 67bb62aebfb0c5424590f25092411530
      size: 518
